// !$*UTF8*$!
{
	archiveVersion = 1;
	classes = {
	};
	objectVersion = 56;
	objects = {

/* Begin PBXBuildFile section */
		AA5A2F252B6248E600F8241D /* AppDelegate.swift in Sources */ = {isa = PBXBuildFile; fileRef = AA5A2F242B6248E600F8241D /* AppDelegate.swift */; };
		AA5A2F272B6248E600F8241D /* SceneDelegate.swift in Sources */ = {isa = PBXBuildFile; fileRef = AA5A2F262B6248E600F8241D /* SceneDelegate.swift */; };
		AA5A2F292B6248E600F8241D /* ViewController.swift in Sources */ = {isa = PBXBuildFile; fileRef = AA5A2F282B6248E600F8241D /* ViewController.swift */; };
		AA5A2F2C2B6248E700F8241D /* Main.storyboard in Resources */ = {isa = PBXBuildFile; fileRef = AA5A2F2A2B6248E700F8241D /* Main.storyboard */; };
		AA5A2F2E2B6248E700F8241D /* Assets.xcassets in Resources */ = {isa = PBXBuildFile; fileRef = AA5A2F2D2B6248E700F8241D /* Assets.xcassets */; };
		AA5A2F312B6248E700F8241D /* LaunchScreen.storyboard in Resources */ = {isa = PBXBuildFile; fileRef = AA5A2F2F2B6248E700F8241D /* LaunchScreen.storyboard */; };
		AA5A2F3C2B6248E700F8241D /* QuizTests.swift in Sources */ = {isa = PBXBuildFile; fileRef = AA5A2F3B2B6248E700F8241D /* QuizTests.swift */; };
		AA5A2F462B6248E700F8241D /* QuizUITests.swift in Sources */ = {isa = PBXBuildFile; fileRef = AA5A2F452B6248E700F8241D /* QuizUITests.swift */; };
		AA5A2F482B6248E700F8241D /* QuizUITestsLaunchTests.swift in Sources */ = {isa = PBXBuildFile; fileRef = AA5A2F472B6248E700F8241D /* QuizUITestsLaunchTests.swift */; };
/* End PBXBuildFile section */

/* Begin PBXContainerItemProxy section */
		AA5A2F382B6248E700F8241D /* PBXContainerItemProxy */ = {
			isa = PBXContainerItemProxy;
			containerPortal = AA5A2F192B6248E600F8241D /* Project object */;
			proxyType = 1;
			remoteGlobalIDString = AA5A2F202B6248E600F8241D;
			remoteInfo = Quiz;
		};
		AA5A2F422B6248E700F8241D /* PBXContainerItemProxy */ = {
			isa = PBXContainerItemProxy;
			containerPortal = AA5A2F192B6248E600F8241D /* Project object */;
			proxyType = 1;
			remoteGlobalIDString = AA5A2F202B6248E600F8241D;
			remoteInfo = Quiz;
		};
/* End PBXContainerItemProxy section */

/* Begin PBXFileReference section */
		AA5A2F212B6248E600F8241D /* Quiz.app */ = {isa = PBXFileReference; explicitFileType = wrapper.application; includeInIndex = 0; path = Quiz.app; sourceTree = BUILT_PRODUCTS_DIR; };
		AA5A2F242B6248E600F8241D /* AppDelegate.swift */ = {isa = PBXFileReference; lastKnownFileType = sourcecode.swift; path = AppDelegate.swift; sourceTree = "<group>"; };
		AA5A2F262B6248E600F8241D /* SceneDelegate.swift */ = {isa = PBXFileReference; lastKnownFileType = sourcecode.swift; path = SceneDelegate.swift; sourceTree = "<group>"; };
		AA5A2F282B6248E600F8241D /* ViewController.swift */ = {isa = PBXFileReference; lastKnownFileType = sourcecode.swift; path = ViewController.swift; sourceTree = "<group>"; };
		AA5A2F2B2B6248E700F8241D /* Base */ = {isa = PBXFileReference; lastKnownFileType = file.storyboard; name = Base; path = Base.lproj/Main.storyboard; sourceTree = "<group>"; };
		AA5A2F2D2B6248E700F8241D /* Assets.xcassets */ = {isa = PBXFileReference; lastKnownFileType = folder.assetcatalog; path = Assets.xcassets; sourceTree = "<group>"; };
		AA5A2F302B6248E700F8241D /* Base */ = {isa = PBXFileReference; lastKnownFileType = file.storyboard; name = Base; path = Base.lproj/LaunchScreen.storyboard; sourceTree = "<group>"; };
		AA5A2F322B6248E700F8241D /* Info.plist */ = {isa = PBXFileReference; lastKnownFileType = text.plist.xml; path = Info.plist; sourceTree = "<group>"; };
		AA5A2F372B6248E700F8241D /* QuizTests.xctest */ = {isa = PBXFileReference; explicitFileType = wrapper.cfbundle; includeInIndex = 0; path = QuizTests.xctest; sourceTree = BUILT_PRODUCTS_DIR; };
		AA5A2F3B2B6248E700F8241D /* QuizTests.swift */ = {isa = PBXFileReference; lastKnownFileType = sourcecode.swift; path = QuizTests.swift; sourceTree = "<group>"; };
		AA5A2F412B6248E700F8241D /* QuizUITests.xctest */ = {isa = PBXFileReference; explicitFileType = wrapper.cfbundle; includeInIndex = 0; path = QuizUITests.xctest; sourceTree = BUILT_PRODUCTS_DIR; };
		AA5A2F452B6248E700F8241D /* QuizUITests.swift */ = {isa = PBXFileReference; lastKnownFileType = sourcecode.swift; path = QuizUITests.swift; sourceTree = "<group>"; };
		AA5A2F472B6248E700F8241D /* QuizUITestsLaunchTests.swift */ = {isa = PBXFileReference; lastKnownFileType = sourcecode.swift; path = QuizUITestsLaunchTests.swift; sourceTree = "<group>"; };
/* End PBXFileReference section */

/* Begin PBXFrameworksBuildPhase section */
		AA5A2F1E2B6248E600F8241D /* Frameworks */ = {
			isa = PBXFrameworksBuildPhase;
			buildActionMask = 2147483647;
			files = (
			);
			runOnlyForDeploymentPostprocessing = 0;
		};
		AA5A2F342B6248E700F8241D /* Frameworks */ = {
			isa = PBXFrameworksBuildPhase;
			buildActionMask = 2147483647;
			files = (
			);
			runOnlyForDeploymentPostprocessing = 0;
		};
		AA5A2F3E2B6248E700F8241D /* Frameworks */ = {
			isa = PBXFrameworksBuildPhase;
			buildActionMask = 2147483647;
			files = (
			);
			runOnlyForDeploymentPostprocessing = 0;
		};
/* End PBXFrameworksBuildPhase section */

/* Begin PBXGroup section */
		AA5A2F182B6248E600F8241D = {
			isa = PBXGroup;
			children = (
				AA5A2F232B6248E600F8241D /* Quiz */,
				AA5A2F3A2B6248E700F8241D /* QuizTests */,
				AA5A2F442B6248E700F8241D /* QuizUITests */,
				AA5A2F222B6248E600F8241D /* Products */,
			);
			sourceTree = "<group>";
		};
		AA5A2F222B6248E600F8241D /* Products */ = {
			isa = PBXGroup;
			children = (
				AA5A2F212B6248E600F8241D /* Quiz.app */,
				AA5A2F372B6248E700F8241D /* QuizTests.xctest */,
				AA5A2F412B6248E700F8241D /* QuizUITests.xctest */,
			);
			name = Products;
			sourceTree = "<group>";
		};
		AA5A2F232B6248E600F8241D /* Quiz */ = {
			isa = PBXGroup;
			children = (
				AA5A2F242B6248E600F8241D /* AppDelegate.swift */,
				AA5A2F262B6248E600F8241D /* SceneDelegate.swift */,
				AA5A2F282B6248E600F8241D /* ViewController.swift */,
				AA5A2F2A2B6248E700F8241D /* Main.storyboard */,
				AA5A2F2D2B6248E700F8241D /* Assets.xcassets */,
				AA5A2F2F2B6248E700F8241D /* LaunchScreen.storyboard */,
				AA5A2F322B6248E700F8241D /* Info.plist */,
			);
			path = Quiz;
			sourceTree = "<group>";
		};
		AA5A2F3A2B6248E700F8241D /* QuizTests */ = {
			isa = PBXGroup;
			children = (
				AA5A2F3B2B6248E700F8241D /* QuizTests.swift */,
			);
			path = QuizTests;
			sourceTree = "<group>";
		};
		AA5A2F442B6248E700F8241D /* QuizUITests */ = {
			isa = PBXGroup;
			children = (
				AA5A2F452B6248E700F8241D /* QuizUITests.swift */,
				AA5A2F472B6248E700F8241D /* QuizUITestsLaunchTests.swift */,
			);
			path = QuizUITests;
			sourceTree = "<group>";
		};
/* End PBXGroup section */

/* Begin PBXNativeTarget section */
		AA5A2F202B6248E600F8241D /* Quiz */ = {
			isa = PBXNativeTarget;
			buildConfigurationList = AA5A2F4B2B6248E700F8241D /* Build configuration list for PBXNativeTarget "Quiz" */;
			buildPhases = (
				AA5A2F1D2B6248E600F8241D /* Sources */,
				AA5A2F1E2B6248E600F8241D /* Frameworks */,
				AA5A2F1F2B6248E600F8241D /* Resources */,
			);
			buildRules = (
			);
			dependencies = (
			);
			name = Quiz;
			productName = Quiz;
			productReference = AA5A2F212B6248E600F8241D /* Quiz.app */;
			productType = "com.apple.product-type.application";
		};
		AA5A2F362B6248E700F8241D /* QuizTests */ = {
			isa = PBXNativeTarget;
			buildConfigurationList = AA5A2F4E2B6248E700F8241D /* Build configuration list for PBXNativeTarget "QuizTests" */;
			buildPhases = (
				AA5A2F332B6248E700F8241D /* Sources */,
				AA5A2F342B6248E700F8241D /* Frameworks */,
				AA5A2F352B6248E700F8241D /* Resources */,
			);
			buildRules = (
			);
			dependencies = (
				AA5A2F392B6248E700F8241D /* PBXTargetDependency */,
			);
			name = QuizTests;
			productName = QuizTests;
			productReference = AA5A2F372B6248E700F8241D /* QuizTests.xctest */;
			productType = "com.apple.product-type.bundle.unit-test";
		};
		AA5A2F402B6248E700F8241D /* QuizUITests */ = {
			isa = PBXNativeTarget;
			buildConfigurationList = AA5A2F512B6248E700F8241D /* Build configuration list for PBXNativeTarget "QuizUITests" */;
			buildPhases = (
				AA5A2F3D2B6248E700F8241D /* Sources */,
				AA5A2F3E2B6248E700F8241D /* Frameworks */,
				AA5A2F3F2B6248E700F8241D /* Resources */,
			);
			buildRules = (
			);
			dependencies = (
				AA5A2F432B6248E700F8241D /* PBXTargetDependency */,
			);
			name = QuizUITests;
			productName = QuizUITests;
			productReference = AA5A2F412B6248E700F8241D /* QuizUITests.xctest */;
			productType = "com.apple.product-type.bundle.ui-testing";
		};
/* End PBXNativeTarget section */

/* Begin PBXProject section */
		AA5A2F192B6248E600F8241D /* Project object */ = {
			isa = PBXProject;
			attributes = {
				BuildIndependentTargetsInParallel = 1;
				LastSwiftUpdateCheck = 1430;
				LastUpgradeCheck = 1430;
				TargetAttributes = {
					AA5A2F202B6248E600F8241D = {
						CreatedOnToolsVersion = 14.3.1;
					};
					AA5A2F362B6248E700F8241D = {
						CreatedOnToolsVersion = 14.3.1;
						TestTargetID = AA5A2F202B6248E600F8241D;
					};
					AA5A2F402B6248E700F8241D = {
						CreatedOnToolsVersion = 14.3.1;
						TestTargetID = AA5A2F202B6248E600F8241D;
					};
				};
			};
			buildConfigurationList = AA5A2F1C2B6248E600F8241D /* Build configuration list for PBXProject "Quiz" */;
			compatibilityVersion = "Xcode 14.0";
			developmentRegion = en;
			hasScannedForEncodings = 0;
			knownRegions = (
				en,
				Base,
			);
			mainGroup = AA5A2F182B6248E600F8241D;
			productRefGroup = AA5A2F222B6248E600F8241D /* Products */;
			projectDirPath = "";
			projectRoot = "";
			targets = (
				AA5A2F202B6248E600F8241D /* Quiz */,
				AA5A2F362B6248E700F8241D /* QuizTests */,
				AA5A2F402B6248E700F8241D /* QuizUITests */,
			);
		};
/* End PBXProject section */

/* Begin PBXResourcesBuildPhase section */
		AA5A2F1F2B6248E600F8241D /* Resources */ = {
			isa = PBXResourcesBuildPhase;
			buildActionMask = 2147483647;
			files = (
				AA5A2F312B6248E700F8241D /* LaunchScreen.storyboard in Resources */,
				AA5A2F2E2B6248E700F8241D /* Assets.xcassets in Resources */,
				AA5A2F2C2B6248E700F8241D /* Main.storyboard in Resources */,
			);
			runOnlyForDeploymentPostprocessing = 0;
		};
		AA5A2F352B6248E700F8241D /* Resources */ = {
			isa = PBXResourcesBuildPhase;
			buildActionMask = 2147483647;
			files = (
			);
			runOnlyForDeploymentPostprocessing = 0;
		};
		AA5A2F3F2B6248E700F8241D /* Resources */ = {
			isa = PBXResourcesBuildPhase;
			buildActionMask = 2147483647;
			files = (
			);
			runOnlyForDeploymentPostprocessing = 0;
		};
/* End PBXResourcesBuildPhase section */

/* Begin PBXSourcesBuildPhase section */
		AA5A2F1D2B6248E600F8241D /* Sources */ = {
			isa = PBXSourcesBuildPhase;
			buildActionMask = 2147483647;
			files = (
				AA5A2F292B6248E600F8241D /* ViewController.swift in Sources */,
				AA5A2F252B6248E600F8241D /* AppDelegate.swift in Sources */,
				AA5A2F272B6248E600F8241D /* SceneDelegate.swift in Sources */,
			);
			runOnlyForDeploymentPostprocessing = 0;
		};
		AA5A2F332B6248E700F8241D /* Sources */ = {
			isa = PBXSourcesBuildPhase;
			buildActionMask = 2147483647;
			files = (
				AA5A2F3C2B6248E700F8241D /* QuizTests.swift in Sources */,
			);
			runOnlyForDeploymentPostprocessing = 0;
		};
		AA5A2F3D2B6248E700F8241D /* Sources */ = {
			isa = PBXSourcesBuildPhase;
			buildActionMask = 2147483647;
			files = (
				AA5A2F462B6248E700F8241D /* QuizUITests.swift in Sources */,
				AA5A2F482B6248E700F8241D /* QuizUITestsLaunchTests.swift in Sources */,
			);
			runOnlyForDeploymentPostprocessing = 0;
		};
/* End PBXSourcesBuildPhase section */

/* Begin PBXTargetDependency section */
		AA5A2F392B6248E700F8241D /* PBXTargetDependency */ = {
			isa = PBXTargetDependency;
			target = AA5A2F202B6248E600F8241D /* Quiz */;
			targetProxy = AA5A2F382B6248E700F8241D /* PBXContainerItemProxy */;
		};
		AA5A2F432B6248E700F8241D /* PBXTargetDependency */ = {
			isa = PBXTargetDependency;
			target = AA5A2F202B6248E600F8241D /* Quiz */;
			targetProxy = AA5A2F422B6248E700F8241D /* PBXContainerItemProxy */;
		};
/* End PBXTargetDependency section */

/* Begin PBXVariantGroup section */
		AA5A2F2A2B6248E700F8241D /* Main.storyboard */ = {
			isa = PBXVariantGroup;
			children = (
				AA5A2F2B2B6248E700F8241D /* Base */,
			);
			name = Main.storyboard;
			sourceTree = "<group>";
		};
		AA5A2F2F2B6248E700F8241D /* LaunchScreen.storyboard */ = {
			isa = PBXVariantGroup;
			children = (
				AA5A2F302B6248E700F8241D /* Base */,
			);
			name = LaunchScreen.storyboard;
			sourceTree = "<group>";
		};
/* End PBXVariantGroup section */

/* Begin XCBuildConfiguration section */
		AA5A2F492B6248E700F8241D /* Debug */ = {
			isa = XCBuildConfiguration;
			buildSettings = {
				ALWAYS_SEARCH_USER_PATHS = NO;
				CLANG_ANALYZER_NONNULL = YES;
				CLANG_ANALYZER_NUMBER_OBJECT_CONVERSION = YES_AGGRESSIVE;
				CLANG_CXX_LANGUAGE_STANDARD = "gnu++20";
				CLANG_ENABLE_MODULES = YES;
				CLANG_ENABLE_OBJC_ARC = YES;
				CLANG_ENABLE_OBJC_WEAK = YES;
				CLANG_WARN_BLOCK_CAPTURE_AUTORELEASING = YES;
				CLANG_WARN_BOOL_CONVERSION = YES;
				CLANG_WARN_COMMA = YES;
				CLANG_WARN_CONSTANT_CONVERSION = YES;
				CLANG_WARN_DEPRECATED_OBJC_IMPLEMENTATIONS = YES;
				CLANG_WARN_DIRECT_OBJC_ISA_USAGE = YES_ERROR;
				CLANG_WARN_DOCUMENTATION_COMMENTS = YES;
				CLANG_WARN_EMPTY_BODY = YES;
				CLANG_WARN_ENUM_CONVERSION = YES;
				CLANG_WARN_INFINITE_RECURSION = YES;
				CLANG_WARN_INT_CONVERSION = YES;
				CLANG_WARN_NON_LITERAL_NULL_CONVERSION = YES;
				CLANG_WARN_OBJC_IMPLICIT_RETAIN_SELF = YES;
				CLANG_WARN_OBJC_LITERAL_CONVERSION = YES;
				CLANG_WARN_OBJC_ROOT_CLASS = YES_ERROR;
				CLANG_WARN_QUOTED_INCLUDE_IN_FRAMEWORK_HEADER = YES;
				CLANG_WARN_RANGE_LOOP_ANALYSIS = YES;
				CLANG_WARN_STRICT_PROTOTYPES = YES;
				CLANG_WARN_SUSPICIOUS_MOVE = YES;
				CLANG_WARN_UNGUARDED_AVAILABILITY = YES_AGGRESSIVE;
				CLANG_WARN_UNREACHABLE_CODE = YES;
				CLANG_WARN__DUPLICATE_METHOD_MATCH = YES;
				COPY_PHASE_STRIP = NO;
				DEBUG_INFORMATION_FORMAT = dwarf;
				ENABLE_STRICT_OBJC_MSGSEND = YES;
				ENABLE_TESTABILITY = YES;
				GCC_C_LANGUAGE_STANDARD = gnu11;
				GCC_DYNAMIC_NO_PIC = NO;
				GCC_NO_COMMON_BLOCKS = YES;
				GCC_OPTIMIZATION_LEVEL = 0;
				GCC_PREPROCESSOR_DEFINITIONS = (
					"DEBUG=1",
					"$(inherited)",
				);
				GCC_WARN_64_TO_32_BIT_CONVERSION = YES;
				GCC_WARN_ABOUT_RETURN_TYPE = YES_ERROR;
				GCC_WARN_UNDECLARED_SELECTOR = YES;
				GCC_WARN_UNINITIALIZED_AUTOS = YES_AGGRESSIVE;
				GCC_WARN_UNUSED_FUNCTION = YES;
				GCC_WARN_UNUSED_VARIABLE = YES;
				IPHONEOS_DEPLOYMENT_TARGET = 16.4;
				MTL_ENABLE_DEBUG_INFO = INCLUDE_SOURCE;
				MTL_FAST_MATH = YES;
				ONLY_ACTIVE_ARCH = YES;
				SDKROOT = iphoneos;
				SWIFT_ACTIVE_COMPILATION_CONDITIONS = DEBUG;
				SWIFT_OPTIMIZATION_LEVEL = "-Onone";
			};
			name = Debug;
		};
		AA5A2F4A2B6248E700F8241D /* Release */ = {
			isa = XCBuildConfiguration;
			buildSettings = {
				ALWAYS_SEARCH_USER_PATHS = NO;
				CLANG_ANALYZER_NONNULL = YES;
				CLANG_ANALYZER_NUMBER_OBJECT_CONVERSION = YES_AGGRESSIVE;
				CLANG_CXX_LANGUAGE_STANDARD = "gnu++20";
				CLANG_ENABLE_MODULES = YES;
				CLANG_ENABLE_OBJC_ARC = YES;
				CLANG_ENABLE_OBJC_WEAK = YES;
				CLANG_WARN_BLOCK_CAPTURE_AUTORELEASING = YES;
				CLANG_WARN_BOOL_CONVERSION = YES;
				CLANG_WARN_COMMA = YES;
				CLANG_WARN_CONSTANT_CONVERSION = YES;
				CLANG_WARN_DEPRECATED_OBJC_IMPLEMENTATIONS = YES;
				CLANG_WARN_DIRECT_OBJC_ISA_USAGE = YES_ERROR;
				CLANG_WARN_DOCUMENTATION_COMMENTS = YES;
				CLANG_WARN_EMPTY_BODY = YES;
				CLANG_WARN_ENUM_CONVERSION = YES;
				CLANG_WARN_INFINITE_RECURSION = YES;
				CLANG_WARN_INT_CONVERSION = YES;
				CLANG_WARN_NON_LITERAL_NULL_CONVERSION = YES;
				CLANG_WARN_OBJC_IMPLICIT_RETAIN_SELF = YES;
				CLANG_WARN_OBJC_LITERAL_CONVERSION = YES;
				CLANG_WARN_OBJC_ROOT_CLASS = YES_ERROR;
				CLANG_WARN_QUOTED_INCLUDE_IN_FRAMEWORK_HEADER = YES;
				CLANG_WARN_RANGE_LOOP_ANALYSIS = YES;
				CLANG_WARN_STRICT_PROTOTYPES = YES;
				CLANG_WARN_SUSPICIOUS_MOVE = YES;
				CLANG_WARN_UNGUARDED_AVAILABILITY = YES_AGGRESSIVE;
				CLANG_WARN_UNREACHABLE_CODE = YES;
				CLANG_WARN__DUPLICATE_METHOD_MATCH = YES;
				COPY_PHASE_STRIP = NO;
				DEBUG_INFORMATION_FORMAT = "dwarf-with-dsym";
				ENABLE_NS_ASSERTIONS = NO;
				ENABLE_STRICT_OBJC_MSGSEND = YES;
				GCC_C_LANGUAGE_STANDARD = gnu11;
				GCC_NO_COMMON_BLOCKS = YES;
				GCC_WARN_64_TO_32_BIT_CONVERSION = YES;
				GCC_WARN_ABOUT_RETURN_TYPE = YES_ERROR;
				GCC_WARN_UNDECLARED_SELECTOR = YES;
				GCC_WARN_UNINITIALIZED_AUTOS = YES_AGGRESSIVE;
				GCC_WARN_UNUSED_FUNCTION = YES;
				GCC_WARN_UNUSED_VARIABLE = YES;
				IPHONEOS_DEPLOYMENT_TARGET = 16.4;
				MTL_ENABLE_DEBUG_INFO = NO;
				MTL_FAST_MATH = YES;
				SDKROOT = iphoneos;
				SWIFT_COMPILATION_MODE = wholemodule;
				SWIFT_OPTIMIZATION_LEVEL = "-O";
				VALIDATE_PRODUCT = YES;
			};
			name = Release;
		};
		AA5A2F4C2B6248E700F8241D /* Debug */ = {
			isa = XCBuildConfiguration;
			buildSettings = {
				ASSETCATALOG_COMPILER_APPICON_NAME = AppIcon;
				ASSETCATALOG_COMPILER_GLOBAL_ACCENT_COLOR_NAME = AccentColor;
				CODE_SIGN_STYLE = Automatic;
				CURRENT_PROJECT_VERSION = 1;
				GENERATE_INFOPLIST_FILE = YES;
				INFOPLIST_FILE = Quiz/Info.plist;
				INFOPLIST_KEY_UIApplicationSupportsIndirectInputEvents = YES;
				INFOPLIST_KEY_UILaunchStoryboardName = LaunchScreen;
				INFOPLIST_KEY_UIMainStoryboardFile = Main;
				INFOPLIST_KEY_UISupportedInterfaceOrientations_iPad = "UIInterfaceOrientationPortrait UIInterfaceOrientationPortraitUpsideDown UIInterfaceOrientationLandscapeLeft UIInterfaceOrientationLandscapeRight";
				INFOPLIST_KEY_UISupportedInterfaceOrientations_iPhone = "UIInterfaceOrientationPortrait UIInterfaceOrientationLandscapeLeft UIInterfaceOrientationLandscapeRight";
				IPHONEOS_DEPLOYMENT_TARGET = 14.0;
				LD_RUNPATH_SEARCH_PATHS = (
					"$(inherited)",
					"@executable_path/Frameworks",
				);
				MARKETING_VERSION = 1.0;
				PRODUCT_BUNDLE_IDENTIFIER = com.mcp.Quiz;
				PRODUCT_NAME = "$(TARGET_NAME)";
				SWIFT_EMIT_LOC_STRINGS = YES;
				SWIFT_VERSION = 5.0;
				TARGETED_DEVICE_FAMILY = "1,2";
			};
			name = Debug;
		};
		AA5A2F4D2B6248E700F8241D /* Release */ = {
			isa = XCBuildConfiguration;
			buildSettings = {
				ASSETCATALOG_COMPILER_APPICON_NAME = AppIcon;
				ASSETCATALOG_COMPILER_GLOBAL_ACCENT_COLOR_NAME = AccentColor;
				CODE_SIGN_STYLE = Automatic;
				CURRENT_PROJECT_VERSION = 1;
				GENERATE_INFOPLIST_FILE = YES;
				INFOPLIST_FILE = Quiz/Info.plist;
				INFOPLIST_KEY_UIApplicationSupportsIndirectInputEvents = YES;
				INFOPLIST_KEY_UILaunchStoryboardName = LaunchScreen;
				INFOPLIST_KEY_UIMainStoryboardFile = Main;
				INFOPLIST_KEY_UISupportedInterfaceOrientations_iPad = "UIInterfaceOrientationPortrait UIInterfaceOrientationPortraitUpsideDown UIInterfaceOrientationLandscapeLeft UIInterfaceOrientationLandscapeRight";
				INFOPLIST_KEY_UISupportedInterfaceOrientations_iPhone = "UIInterfaceOrientationPortrait UIInterfaceOrientationLandscapeLeft UIInterfaceOrientationLandscapeRight";
				IPHONEOS_DEPLOYMENT_TARGET = 14.0;
				LD_RUNPATH_SEARCH_PATHS = (
					"$(inherited)",
					"@executable_path/Frameworks",
				);
				MARKETING_VERSION = 1.0;
				PRODUCT_BUNDLE_IDENTIFIER = com.mcp.Quiz;
				PRODUCT_NAME = "$(TARGET_NAME)";
				SWIFT_EMIT_LOC_STRINGS = YES;
				SWIFT_VERSION = 5.0;
				TARGETED_DEVICE_FAMILY = "1,2";
			};
			name = Release;
		};
		AA5A2F4F2B6248E700F8241D /* Debug */ = {
			isa = XCBuildConfiguration;
			buildSettings = {
				ALWAYS_EMBED_SWIFT_STANDARD_LIBRARIES = YES;
				BUNDLE_LOADER = "$(TEST_HOST)";
				CODE_SIGN_STYLE = Automatic;
				CURRENT_PROJECT_VERSION = 1;
				GENERATE_INFOPLIST_FILE = YES;
				IPHONEOS_DEPLOYMENT_TARGET = 16.4;
				MARKETING_VERSION = 1.0;
				PRODUCT_BUNDLE_IDENTIFIER = com.mcp.QuizTests;
				PRODUCT_NAME = "$(TARGET_NAME)";
				SWIFT_EMIT_LOC_STRINGS = NO;
				SWIFT_VERSION = 5.0;
				TARGETED_DEVICE_FAMILY = "1,2";
				TEST_HOST = "$(BUILT_PRODUCTS_DIR)/Quiz.app/$(BUNDLE_EXECUTABLE_FOLDER_PATH)/Quiz";
			};
			name = Debug;
		};
		AA5A2F502B6248E700F8241D /* Release */ = {
			isa = XCBuildConfiguration;
			buildSettings = {
				ALWAYS_EMBED_SWIFT_STANDARD_LIBRARIES = YES;
				BUNDLE_LOADER = "$(TEST_HOST)";
				CODE_SIGN_STYLE = Automatic;
				CURRENT_PROJECT_VERSION = 1;
				GENERATE_INFOPLIST_FILE = YES;
				IPHONEOS_DEPLOYMENT_TARGET = 16.4;
				MARKETING_VERSION = 1.0;
				PRODUCT_BUNDLE_IDENTIFIER = com.mcp.QuizTests;
				PRODUCT_NAME = "$(TARGET_NAME)";
				SWIFT_EMIT_LOC_STRINGS = NO;
				SWIFT_VERSION = 5.0;
				TARGETED_DEVICE_FAMILY = "1,2";
				TEST_HOST = "$(BUILT_PRODUCTS_DIR)/Quiz.app/$(BUNDLE_EXECUTABLE_FOLDER_PATH)/Quiz";
			};
			name = Release;
		};
		AA5A2F522B6248E700F8241D /* Debug */ = {
			isa = XCBuildConfiguration;
			buildSettings = {
				ALWAYS_EMBED_SWIFT_STANDARD_LIBRARIES = YES;
				CODE_SIGN_STYLE = Automatic;
				CURRENT_PROJECT_VERSION = 1;
				GENERATE_INFOPLIST_FILE = YES;
				MARKETING_VERSION = 1.0;
				PRODUCT_BUNDLE_IDENTIFIER = com.mcp.QuizUITests;
				PRODUCT_NAME = "$(TARGET_NAME)";
				SWIFT_EMIT_LOC_STRINGS = NO;
				SWIFT_VERSION = 5.0;
				TARGETED_DEVICE_FAMILY = "1,2";
				TEST_TARGET_NAME = Quiz;
			};
			name = Debug;
		};
		AA5A2F532B6248E700F8241D /* Release */ = {
			isa = XCBuildConfiguration;
			buildSettings = {
				ALWAYS_EMBED_SWIFT_STANDARD_LIBRARIES = YES;
				CODE_SIGN_STYLE = Automatic;
				CURRENT_PROJECT_VERSION = 1;
				GENERATE_INFOPLIST_FILE = YES;
				MARKETING_VERSION = 1.0;
				PRODUCT_BUNDLE_IDENTIFIER = com.mcp.QuizUITests;
				PRODUCT_NAME = "$(TARGET_NAME)";
				SWIFT_EMIT_LOC_STRINGS = NO;
				SWIFT_VERSION = 5.0;
				TARGETED_DEVICE_FAMILY = "1,2";
				TEST_TARGET_NAME = Quiz;
			};
			name = Release;
		};
/* End XCBuildConfiguration section */

/* Begin XCConfigurationList section */
		AA5A2F1C2B6248E600F8241D /* Build configuration list for PBXProject "Quiz" */ = {
			isa = XCConfigurationList;
			buildConfigurations = (
				AA5A2F492B6248E700F8241D /* Debug */,
				AA5A2F4A2B6248E700F8241D /* Release */,
			);
			defaultConfigurationIsVisible = 0;
			defaultConfigurationName = Release;
		};
		AA5A2F4B2B6248E700F8241D /* Build configuration list for PBXNativeTarget "Quiz" */ = {
			isa = XCConfigurationList;
			buildConfigurations = (
				AA5A2F4C2B6248E700F8241D /* Debug */,
				AA5A2F4D2B6248E700F8241D /* Release */,
			);
			defaultConfigurationIsVisible = 0;
			defaultConfigurationName = Release;
		};
		AA5A2F4E2B6248E700F8241D /* Build configuration list for PBXNativeTarget "QuizTests" */ = {
			isa = XCConfigurationList;
			buildConfigurations = (
				AA5A2F4F2B6248E700F8241D /* Debug */,
				AA5A2F502B6248E700F8241D /* Release */,
			);
			defaultConfigurationIsVisible = 0;
			defaultConfigurationName = Release;
		};
		AA5A2F512B6248E700F8241D /* Build configuration list for PBXNativeTarget "QuizUITests" */ = {
			isa = XCConfigurationList;
			buildConfigurations = (
				AA5A2F522B6248E700F8241D /* Debug */,
				AA5A2F532B6248E700F8241D /* Release */,
			);
			defaultConfigurationIsVisible = 0;
			defaultConfigurationName = Release;
		};
/* End XCConfigurationList section */
	};
	rootObject = AA5A2F192B6248E600F8241D /* Project object */;
}
